
Microsoft Visual Studio Solution File, Format Version 12.00
# Visual Studio 15
VisualStudioVersion = 15.0.28307.645
MinimumVisualStudioVersion = 10.0.40219.1
Project("{888888A0-9F3D-457C-B088-3A5042F75D52}") = "AIServer", "AIServer\AIServer.pyproj", "{BF8F5019-AA45-4E3F-8D47-A18EDDA66C7D}"
EndProject
Global
	GlobalSection(SolutionConfigurationPlatforms) = preSolution
		Debug|Any CPU = Debug|Any CPU
		Release|Any CPU = Release|Any CPU
	EndGlobalSection
	GlobalSection(ProjectConfigurationPlatforms) = postSolution
		{BF8F5019-AA45-4E3F-8D47-A18EDDA66C7D}.Debug|Any CPU.ActiveCfg = Debug|Any CPU
		{BF8F5019-AA45-4E3F-8D47-A18EDDA66C7D}.Release|Any CPU.ActiveCfg = Release|Any CPU
	EndGlobalSection
	GlobalSection(SolutionProperties) = preSolution
		HideSolutionNode = FALSE
	EndGlobalSection
	GlobalSection(ExtensibilityGlobals) = postSolution
		SolutionGuid = {447CB967-B45A-404C-8381-B1AE1157094C}
	EndGlobalSection
EndGlobal
